// !$*UTF8*$!
{
	archiveVersion = 1;
	classes = {
	};
	objectVersion = 46;
	objects = {

/* Begin PBXBuildFile section */
		07EB5DF116DC46160069DA86 /* main.c in Sources */ = {isa = PBXBuildFile; fileRef = 07EB5DF016DC46160069DA86 /* main.c */; };
		07EB5DF316DC46160069DA86 /* Problem1.1 in CopyFiles */ = {isa = PBXBuildFile; fileRef = 07EB5DF216DC46160069DA86 /* Problem1.1 */; };
/* End PBXBuildFile section */

/* Begin PBXCopyFilesBuildPhase section */
		07EB5DEB16DC46160069DA86 /* CopyFiles */ = {
			isa = PBXCopyFilesBuildPhase;
			buildActionMask = 2147483647;
			dstPath = /usr/share/man/man1/;
			dstSubfolderSpec = 0;
			files = (
				07EB5DF316DC46160069DA86 /* Problem1.1 in CopyFiles */,
			);
			runOnlyForDeploymentPostprocessing = 1;
		};
/* End PBXCopyFilesBuildPhase section */

/* Begin PBXFileReference section */
		07EB5DED16DC46160069DA86 /* Problem1 */ = {isa = PBXFileReference; explicitFileType = "compiled.mach-o.executable"; includeInIndex = 0; path = Problem1; sourceTree = BUILT_PRODUCTS_DIR; };
		07EB5DF016DC46160069DA86 /* main.c */ = {isa = PBXFileReference; lastKnownFileType = sourcecode.c.c; path = main.c; sourceTree = "<group>"; };
		07EB5DF216DC46160069DA86 /* Problem1.1 */ = {isa = PBXFileReference; lastKnownFileType = text.man; path = Problem1.1; sourceTree = "<group>"; };
/* End PBXFileReference section */

/* Begin PBXFrameworksBuildPhase section */
		07EB5DEA16DC46160069DA86 /* Frameworks */ = {
			isa = PBXFrameworksBuildPhase;
			buildActionMask = 2147483647;
			files = (
			);
			runOnlyForDeploymentPostprocessing = 0;
		};
/* End PBXFrameworksBuildPhase section */

/* Begin PBXGroup section */
		07EB5DE416DC46160069DA86 = {
			isa = PBXGroup;
			children = (
				07EB5DEF16DC46160069DA86 /* Problem1 */,
				07EB5DEE16DC46160069DA86 /* Products */,
			);
			sourceTree = "<group>";
		};
		07EB5DEE16DC46160069DA86 /* Products */ = {
			isa = PBXGroup;
			children = (
				07EB5DED16DC46160069DA86 /* Problem1 */,
			);
			name = Products;
			sourceTree = "<group>";
		};
		07EB5DEF16DC46160069DA86 /* Problem1 */ = {
			isa = PBXGroup;
			children = (
				07EB5DF016DC46160069DA86 /* main.c */,
				07EB5DF216DC46160069DA86 /* Problem1.1 */,
			);
			path = Problem1;
			sourceTree = "<group>";
		};
/* End PBXGroup section */

/* Begin PBXNativeTarget section */
		07EB5DEC16DC46160069DA86 /* Problem1 */ = {
			isa = PBXNativeTarget;
			buildConfigurationList = 07EB5DF616DC46160069DA86 /* Build configuration list for PBXNativeTarget "Problem1" */;
			buildPhases = (
				07EB5DE916DC46160069DA86 /* Sources */,
				07EB5DEA16DC46160069DA86 /* Frameworks */,
				07EB5DEB16DC46160069DA86 /* CopyFiles */,
			);
			buildRules = (
			);
			dependencies = (
			);
			name = Problem1;
			productName = Problem1;
			productReference = 07EB5DED16DC46160069DA86 /* Problem1 */;
			productType = "com.apple.product-type.tool";
		};
/* End PBXNativeTarget section */

/* Begin PBXProject section */
		07EB5DE516DC46160069DA86 /* Project object */ = {
			isa = PBXProject;
			attributes = {
				LastUpgradeCheck = 0460;
				ORGANIZATIONNAME = "Carlos Agudo";
			};
			buildConfigurationList = 07EB5DE816DC46160069DA86 /* Build configuration list for PBXProject "Problem1" */;
			compatibilityVersion = "Xcode 3.2";
			developmentRegion = English;
			hasScannedForEncodings = 0;
			knownRegions = (
				en,
			);
			mainGroup = 07EB5DE416DC46160069DA86;
			productRefGroup = 07EB5DEE16DC46160069DA86 /* Products */;
			projectDirPath = "";
			projectRoot = "";
			targets = (
				07EB5DEC16DC46160069DA86 /* Problem1 */,
			);
		};
/* End PBXProject section */

/* Begin PBXSourcesBuildPhase section */
		07EB5DE916DC46160069DA86 /* Sources */ = {
			isa = PBXSourcesBuildPhase;
			buildActionMask = 2147483647;
			files = (
				07EB5DF116DC46160069DA86 /* main.c in Sources */,
			);
			runOnlyForDeploymentPostprocessing = 0;
		};
/* End PBXSourcesBuildPhase section */

/* Begin XCBuildConfiguration section */
		07EB5DF416DC46160069DA86 /* Debug */ = {
			isa = XCBuildConfiguration;
			buildSettings = {
				ALWAYS_SEARCH_USER_PATHS = NO;
				ARCHS = "$(ARCHS_STANDARD_64_BIT)";
				CLANG_CXX_LANGUAGE_STANDARD = "gnu++0x";
				CLANG_CXX_LIBRARY = "libc++";
				CLANG_WARN_CONSTANT_CONVERSION = YES;
				CLANG_WARN_EMPTY_BODY = YES;
				CLANG_WARN_ENUM_CONVERSION = YES;
				CLANG_WARN_INT_CONVERSION = YES;
				CLANG_WARN__DUPLICATE_METHOD_MATCH = YES;
				COPY_PHASE_STRIP = NO;
				GCC_C_LANGUAGE_STANDARD = gnu99;
				GCC_DYNAMIC_NO_PIC = NO;
				GCC_ENABLE_OBJC_EXCEPTIONS = YES;
				GCC_OPTIMIZATION_LEVEL = 0;
				GCC_PREPROCESSOR_DEFINITIONS = (
					"DEBUG=1",
					"$(inherited)",
				);
				GCC_SYMBOLS_PRIVATE_EXTERN = NO;
				GCC_WARN_64_TO_32_BIT_CONVERSION = YES;
				GCC_WARN_ABOUT_RETURN_TYPE = YES;
				GCC_WARN_UNINITIALIZED_AUTOS = YES;
				GCC_WARN_UNUSED_VARIABLE = YES;
				MACOSX_DEPLOYMENT_TARGET = 10.8;
				ONLY_ACTIVE_ARCH = YES;
				SDKROOT = macosx;
			};
			name = Debug;
		};
		07EB5DF516DC46160069DA86 /* Release */ = {
			isa = XCBuildConfiguration;
			buildSettings = {
				ALWAYS_SEARCH_USER_PATHS = NO;
				ARCHS = "$(ARCHS_STANDARD_64_BIT)";
				CLANG_CXX_LANGUAGE_STANDARD = "gnu++0x";
				CLANG_CXX_LIBRARY = "libc++";
				CLANG_WARN_CONSTANT_CONVERSION = YES;
				CLANG_WARN_EMPTY_BODY = YES;
				CLANG_WARN_ENUM_CONVERSION = YES;
				CLANG_WARN_INT_CONVERSION = YES;
				CLANG_WARN__DUPLICATE_METHOD_MATCH = YES;
				COPY_PHASE_STRIP = YES;
				DEBUG_INFORMATION_FORMAT = "dwarf-with-dsym";
				GCC_C_LANGUAGE_STANDARD = gnu99;
				GCC_ENABLE_OBJC_EXCEPTIONS = YES;
				GCC_WARN_64_TO_32_BIT_CONVERSION = YES;
				GCC_WARN_ABOUT_RETURN_TYPE = YES;
				GCC_WARN_UNINITIALIZED_AUTOS = YES;
				GCC_WARN_UNUSED_VARIABLE = YES;
				MACOSX_DEPLOYMENT_TARGET = 10.8;
				SDKROOT = macosx;
			};
			name = Release;
		};
		07EB5DF716DC46160069DA86 /* Debug */ = {
			isa = XCBuildConfiguration;
			buildSettings = {
				PRODUCT_NAME = "$(TARGET_NAME)";
			};
			name = Debug;
		};
		07EB5DF816DC46160069DA86 /* Release */ = {
			isa = XCBuildConfiguration;
			buildSettings = {
				PRODUCT_NAME = "$(TARGET_NAME)";
			};
			name = Release;
		};
/* End XCBuildConfiguration section */

/* Begin XCConfigurationList section */
		07EB5DE816DC46160069DA86 /* Build configuration list for PBXProject "Problem1" */ = {
			isa = XCConfigurationList;
			buildConfigurations = (
				07EB5DF416DC46160069DA86 /* Debug */,
				07EB5DF516DC46160069DA86 /* Release */,
			);
			defaultConfigurationIsVisible = 0;
			defaultConfigurationName = Release;
		};
		07EB5DF616DC46160069DA86 /* Build configuration list for PBXNativeTarget "Problem1" */ = {
			isa = XCConfigurationList;
			buildConfigurations = (
				07EB5DF716DC46160069DA86 /* Debug */,
				07EB5DF816DC46160069DA86 /* Release */,
			);
			defaultConfigurationIsVisible = 0;
		};
/* End XCConfigurationList section */
	};
	rootObject = 07EB5DE516DC46160069DA86 /* Project object */;
}
