// !$*UTF8*$!
{
	archiveVersion = 1;
	classes = {
	};
	objectVersion = 46;
	objects = {

/* Begin PBXBuildFile section */
		07829EFC16ED59DB003AEAA6 /* main.c in Sources */ = {isa = PBXBuildFile; fileRef = 07829EFB16ED59DB003AEAA6 /* main.c */; };
		07829EFE16ED59DB003AEAA6 /* wef.1 in CopyFiles */ = {isa = PBXBuildFile; fileRef = 07829EFD16ED59DB003AEAA6 /* wef.1 */; };
/* End PBXBuildFile section */

/* Begin PBXCopyFilesBuildPhase section */
		07829EF616ED59DB003AEAA6 /* CopyFiles */ = {
			isa = PBXCopyFilesBuildPhase;
			buildActionMask = 2147483647;
			dstPath = /usr/share/man/man1/;
			dstSubfolderSpec = 0;
			files = (
				07829EFE16ED59DB003AEAA6 /* wef.1 in CopyFiles */,
			);
			runOnlyForDeploymentPostprocessing = 1;
		};
/* End PBXCopyFilesBuildPhase section */

/* Begin PBXFileReference section */
		07829EF816ED59DB003AEAA6 /* wef */ = {isa = PBXFileReference; explicitFileType = "compiled.mach-o.executable"; includeInIndex = 0; path = wef; sourceTree = BUILT_PRODUCTS_DIR; };
		07829EFB16ED59DB003AEAA6 /* main.c */ = {isa = PBXFileReference; lastKnownFileType = sourcecode.c.c; path = main.c; sourceTree = "<group>"; };
		07829EFD16ED59DB003AEAA6 /* wef.1 */ = {isa = PBXFileReference; lastKnownFileType = text.man; path = wef.1; sourceTree = "<group>"; };
/* End PBXFileReference section */

/* Begin PBXFrameworksBuildPhase section */
		07829EF516ED59DB003AEAA6 /* Frameworks */ = {
			isa = PBXFrameworksBuildPhase;
			buildActionMask = 2147483647;
			files = (
			);
			runOnlyForDeploymentPostprocessing = 0;
		};
/* End PBXFrameworksBuildPhase section */

/* Begin PBXGroup section */
		07829EEF16ED59DB003AEAA6 = {
			isa = PBXGroup;
			children = (
				07829EFA16ED59DB003AEAA6 /* wef */,
				07829EF916ED59DB003AEAA6 /* Products */,
			);
			sourceTree = "<group>";
		};
		07829EF916ED59DB003AEAA6 /* Products */ = {
			isa = PBXGroup;
			children = (
				07829EF816ED59DB003AEAA6 /* wef */,
			);
			name = Products;
			sourceTree = "<group>";
		};
		07829EFA16ED59DB003AEAA6 /* wef */ = {
			isa = PBXGroup;
			children = (
				07829EFB16ED59DB003AEAA6 /* main.c */,
				07829EFD16ED59DB003AEAA6 /* wef.1 */,
			);
			path = wef;
			sourceTree = "<group>";
		};
/* End PBXGroup section */

/* Begin PBXNativeTarget section */
		07829EF716ED59DB003AEAA6 /* wef */ = {
			isa = PBXNativeTarget;
			buildConfigurationList = 07829F0116ED59DB003AEAA6 /* Build configuration list for PBXNativeTarget "wef" */;
			buildPhases = (
				07829EF416ED59DB003AEAA6 /* Sources */,
				07829EF516ED59DB003AEAA6 /* Frameworks */,
				07829EF616ED59DB003AEAA6 /* CopyFiles */,
			);
			buildRules = (
			);
			dependencies = (
			);
			name = wef;
			productName = wef;
			productReference = 07829EF816ED59DB003AEAA6 /* wef */;
			productType = "com.apple.product-type.tool";
		};
/* End PBXNativeTarget section */

/* Begin PBXProject section */
		07829EF016ED59DB003AEAA6 /* Project object */ = {
			isa = PBXProject;
			attributes = {
				LastUpgradeCheck = 0460;
				ORGANIZATIONNAME = "Carlos Agudo";
			};
			buildConfigurationList = 07829EF316ED59DB003AEAA6 /* Build configuration list for PBXProject "wef" */;
			compatibilityVersion = "Xcode 3.2";
			developmentRegion = English;
			hasScannedForEncodings = 0;
			knownRegions = (
				en,
			);
			mainGroup = 07829EEF16ED59DB003AEAA6;
			productRefGroup = 07829EF916ED59DB003AEAA6 /* Products */;
			projectDirPath = "";
			projectRoot = "";
			targets = (
				07829EF716ED59DB003AEAA6 /* wef */,
			);
		};
/* End PBXProject section */

/* Begin PBXSourcesBuildPhase section */
		07829EF416ED59DB003AEAA6 /* Sources */ = {
			isa = PBXSourcesBuildPhase;
			buildActionMask = 2147483647;
			files = (
				07829EFC16ED59DB003AEAA6 /* main.c in Sources */,
			);
			runOnlyForDeploymentPostprocessing = 0;
		};
/* End PBXSourcesBuildPhase section */

/* Begin XCBuildConfiguration section */
		07829EFF16ED59DB003AEAA6 /* Debug */ = {
			isa = XCBuildConfiguration;
			buildSettings = {
				ALWAYS_SEARCH_USER_PATHS = NO;
				ARCHS = "$(ARCHS_STANDARD_64_BIT)";
				CLANG_CXX_LANGUAGE_STANDARD = "gnu++0x";
				CLANG_CXX_LIBRARY = "libc++";
				CLANG_WARN_CONSTANT_CONVERSION = YES;
				CLANG_WARN_EMPTY_BODY = YES;
				CLANG_WARN_ENUM_CONVERSION = YES;
				CLANG_WARN_INT_CONVERSION = YES;
				CLANG_WARN__DUPLICATE_METHOD_MATCH = YES;
				COPY_PHASE_STRIP = NO;
				GCC_C_LANGUAGE_STANDARD = gnu99;
				GCC_DYNAMIC_NO_PIC = NO;
				GCC_ENABLE_OBJC_EXCEPTIONS = YES;
				GCC_OPTIMIZATION_LEVEL = 0;
				GCC_PREPROCESSOR_DEFINITIONS = (
					"DEBUG=1",
					"$(inherited)",
				);
				GCC_SYMBOLS_PRIVATE_EXTERN = NO;
				GCC_WARN_64_TO_32_BIT_CONVERSION = YES;
				GCC_WARN_ABOUT_RETURN_TYPE = YES;
				GCC_WARN_UNINITIALIZED_AUTOS = YES;
				GCC_WARN_UNUSED_VARIABLE = YES;
				MACOSX_DEPLOYMENT_TARGET = 10.8;
				ONLY_ACTIVE_ARCH = YES;
				SDKROOT = macosx;
			};
			name = Debug;
		};
		07829F0016ED59DB003AEAA6 /* Release */ = {
			isa = XCBuildConfiguration;
			buildSettings = {
				ALWAYS_SEARCH_USER_PATHS = NO;
				ARCHS = "$(ARCHS_STANDARD_64_BIT)";
				CLANG_CXX_LANGUAGE_STANDARD = "gnu++0x";
				CLANG_CXX_LIBRARY = "libc++";
				CLANG_WARN_CONSTANT_CONVERSION = YES;
				CLANG_WARN_EMPTY_BODY = YES;
				CLANG_WARN_ENUM_CONVERSION = YES;
				CLANG_WARN_INT_CONVERSION = YES;
				CLANG_WARN__DUPLICATE_METHOD_MATCH = YES;
				COPY_PHASE_STRIP = YES;
				DEBUG_INFORMATION_FORMAT = "dwarf-with-dsym";
				GCC_C_LANGUAGE_STANDARD = gnu99;
				GCC_ENABLE_OBJC_EXCEPTIONS = YES;
				GCC_WARN_64_TO_32_BIT_CONVERSION = YES;
				GCC_WARN_ABOUT_RETURN_TYPE = YES;
				GCC_WARN_UNINITIALIZED_AUTOS = YES;
				GCC_WARN_UNUSED_VARIABLE = YES;
				MACOSX_DEPLOYMENT_TARGET = 10.8;
				SDKROOT = macosx;
			};
			name = Release;
		};
		07829F0216ED59DB003AEAA6 /* Debug */ = {
			isa = XCBuildConfiguration;
			buildSettings = {
				PRODUCT_NAME = "$(TARGET_NAME)";
			};
			name = Debug;
		};
		07829F0316ED59DB003AEAA6 /* Release */ = {
			isa = XCBuildConfiguration;
			buildSettings = {
				PRODUCT_NAME = "$(TARGET_NAME)";
			};
			name = Release;
		};
/* End XCBuildConfiguration section */

/* Begin XCConfigurationList section */
		07829EF316ED59DB003AEAA6 /* Build configuration list for PBXProject "wef" */ = {
			isa = XCConfigurationList;
			buildConfigurations = (
				07829EFF16ED59DB003AEAA6 /* Debug */,
				07829F0016ED59DB003AEAA6 /* Release */,
			);
			defaultConfigurationIsVisible = 0;
			defaultConfigurationName = Release;
		};
		07829F0116ED59DB003AEAA6 /* Build configuration list for PBXNativeTarget "wef" */ = {
			isa = XCConfigurationList;
			buildConfigurations = (
				07829F0216ED59DB003AEAA6 /* Debug */,
				07829F0316ED59DB003AEAA6 /* Release */,
			);
			defaultConfigurationIsVisible = 0;
		};
/* End XCConfigurationList section */
	};
	rootObject = 07829EF016ED59DB003AEAA6 /* Project object */;
}
