// !$*UTF8*$!
{
	archiveVersion = 1;
	classes = {
	};
	objectVersion = 46;
	objects = {

/* Begin PBXBuildFile section */
		07FD0E03173B0DBB003240DF /* main.c in Sources */ = {isa = PBXBuildFile; fileRef = 07FD0E02173B0DBB003240DF /* main.c */; };
		07FD0E05173B0DBB003240DF /* ss.1 in CopyFiles */ = {isa = PBXBuildFile; fileRef = 07FD0E04173B0DBB003240DF /* ss.1 */; };
/* End PBXBuildFile section */

/* Begin PBXCopyFilesBuildPhase section */
		07FD0DFD173B0DBB003240DF /* CopyFiles */ = {
			isa = PBXCopyFilesBuildPhase;
			buildActionMask = 2147483647;
			dstPath = /usr/share/man/man1/;
			dstSubfolderSpec = 0;
			files = (
				07FD0E05173B0DBB003240DF /* ss.1 in CopyFiles */,
			);
			runOnlyForDeploymentPostprocessing = 1;
		};
/* End PBXCopyFilesBuildPhase section */

/* Begin PBXFileReference section */
		07FD0DFF173B0DBB003240DF /* ss */ = {isa = PBXFileReference; explicitFileType = "compiled.mach-o.executable"; includeInIndex = 0; path = ss; sourceTree = BUILT_PRODUCTS_DIR; };
		07FD0E02173B0DBB003240DF /* main.c */ = {isa = PBXFileReference; lastKnownFileType = sourcecode.c.c; path = main.c; sourceTree = "<group>"; };
		07FD0E04173B0DBB003240DF /* ss.1 */ = {isa = PBXFileReference; lastKnownFileType = text.man; path = ss.1; sourceTree = "<group>"; };
/* End PBXFileReference section */

/* Begin PBXFrameworksBuildPhase section */
		07FD0DFC173B0DBB003240DF /* Frameworks */ = {
			isa = PBXFrameworksBuildPhase;
			buildActionMask = 2147483647;
			files = (
			);
			runOnlyForDeploymentPostprocessing = 0;
		};
/* End PBXFrameworksBuildPhase section */

/* Begin PBXGroup section */
		07FD0DF6173B0DBB003240DF = {
			isa = PBXGroup;
			children = (
				07FD0E01173B0DBB003240DF /* ss */,
				07FD0E00173B0DBB003240DF /* Products */,
			);
			sourceTree = "<group>";
		};
		07FD0E00173B0DBB003240DF /* Products */ = {
			isa = PBXGroup;
			children = (
				07FD0DFF173B0DBB003240DF /* ss */,
			);
			name = Products;
			sourceTree = "<group>";
		};
		07FD0E01173B0DBB003240DF /* ss */ = {
			isa = PBXGroup;
			children = (
				07FD0E02173B0DBB003240DF /* main.c */,
				07FD0E04173B0DBB003240DF /* ss.1 */,
			);
			path = ss;
			sourceTree = "<group>";
		};
/* End PBXGroup section */

/* Begin PBXNativeTarget section */
		07FD0DFE173B0DBB003240DF /* ss */ = {
			isa = PBXNativeTarget;
			buildConfigurationList = 07FD0E08173B0DBB003240DF /* Build configuration list for PBXNativeTarget "ss" */;
			buildPhases = (
				07FD0DFB173B0DBB003240DF /* Sources */,
				07FD0DFC173B0DBB003240DF /* Frameworks */,
				07FD0DFD173B0DBB003240DF /* CopyFiles */,
			);
			buildRules = (
			);
			dependencies = (
			);
			name = ss;
			productName = ss;
			productReference = 07FD0DFF173B0DBB003240DF /* ss */;
			productType = "com.apple.product-type.tool";
		};
/* End PBXNativeTarget section */

/* Begin PBXProject section */
		07FD0DF7173B0DBB003240DF /* Project object */ = {
			isa = PBXProject;
			attributes = {
				LastUpgradeCheck = 0460;
				ORGANIZATIONNAME = "Carlos Agudo";
			};
			buildConfigurationList = 07FD0DFA173B0DBB003240DF /* Build configuration list for PBXProject "ss" */;
			compatibilityVersion = "Xcode 3.2";
			developmentRegion = English;
			hasScannedForEncodings = 0;
			knownRegions = (
				en,
			);
			mainGroup = 07FD0DF6173B0DBB003240DF;
			productRefGroup = 07FD0E00173B0DBB003240DF /* Products */;
			projectDirPath = "";
			projectRoot = "";
			targets = (
				07FD0DFE173B0DBB003240DF /* ss */,
			);
		};
/* End PBXProject section */

/* Begin PBXSourcesBuildPhase section */
		07FD0DFB173B0DBB003240DF /* Sources */ = {
			isa = PBXSourcesBuildPhase;
			buildActionMask = 2147483647;
			files = (
				07FD0E03173B0DBB003240DF /* main.c in Sources */,
			);
			runOnlyForDeploymentPostprocessing = 0;
		};
/* End PBXSourcesBuildPhase section */

/* Begin XCBuildConfiguration section */
		07FD0E06173B0DBB003240DF /* Debug */ = {
			isa = XCBuildConfiguration;
			buildSettings = {
				ALWAYS_SEARCH_USER_PATHS = NO;
				ARCHS = "$(ARCHS_STANDARD_64_BIT)";
				CLANG_CXX_LANGUAGE_STANDARD = "gnu++0x";
				CLANG_CXX_LIBRARY = "libc++";
				CLANG_WARN_CONSTANT_CONVERSION = YES;
				CLANG_WARN_EMPTY_BODY = YES;
				CLANG_WARN_ENUM_CONVERSION = YES;
				CLANG_WARN_INT_CONVERSION = YES;
				CLANG_WARN__DUPLICATE_METHOD_MATCH = YES;
				COPY_PHASE_STRIP = NO;
				GCC_C_LANGUAGE_STANDARD = gnu99;
				GCC_DYNAMIC_NO_PIC = NO;
				GCC_ENABLE_OBJC_EXCEPTIONS = YES;
				GCC_OPTIMIZATION_LEVEL = 0;
				GCC_PREPROCESSOR_DEFINITIONS = (
					"DEBUG=1",
					"$(inherited)",
				);
				GCC_SYMBOLS_PRIVATE_EXTERN = NO;
				GCC_WARN_64_TO_32_BIT_CONVERSION = YES;
				GCC_WARN_ABOUT_RETURN_TYPE = YES;
				GCC_WARN_UNINITIALIZED_AUTOS = YES;
				GCC_WARN_UNUSED_VARIABLE = YES;
				MACOSX_DEPLOYMENT_TARGET = 10.8;
				ONLY_ACTIVE_ARCH = YES;
				SDKROOT = macosx;
			};
			name = Debug;
		};
		07FD0E07173B0DBB003240DF /* Release */ = {
			isa = XCBuildConfiguration;
			buildSettings = {
				ALWAYS_SEARCH_USER_PATHS = NO;
				ARCHS = "$(ARCHS_STANDARD_64_BIT)";
				CLANG_CXX_LANGUAGE_STANDARD = "gnu++0x";
				CLANG_CXX_LIBRARY = "libc++";
				CLANG_WARN_CONSTANT_CONVERSION = YES;
				CLANG_WARN_EMPTY_BODY = YES;
				CLANG_WARN_ENUM_CONVERSION = YES;
				CLANG_WARN_INT_CONVERSION = YES;
				CLANG_WARN__DUPLICATE_METHOD_MATCH = YES;
				COPY_PHASE_STRIP = YES;
				DEBUG_INFORMATION_FORMAT = "dwarf-with-dsym";
				GCC_C_LANGUAGE_STANDARD = gnu99;
				GCC_ENABLE_OBJC_EXCEPTIONS = YES;
				GCC_WARN_64_TO_32_BIT_CONVERSION = YES;
				GCC_WARN_ABOUT_RETURN_TYPE = YES;
				GCC_WARN_UNINITIALIZED_AUTOS = YES;
				GCC_WARN_UNUSED_VARIABLE = YES;
				MACOSX_DEPLOYMENT_TARGET = 10.8;
				SDKROOT = macosx;
			};
			name = Release;
		};
		07FD0E09173B0DBB003240DF /* Debug */ = {
			isa = XCBuildConfiguration;
			buildSettings = {
				PRODUCT_NAME = "$(TARGET_NAME)";
			};
			name = Debug;
		};
		07FD0E0A173B0DBB003240DF /* Release */ = {
			isa = XCBuildConfiguration;
			buildSettings = {
				PRODUCT_NAME = "$(TARGET_NAME)";
			};
			name = Release;
		};
/* End XCBuildConfiguration section */

/* Begin XCConfigurationList section */
		07FD0DFA173B0DBB003240DF /* Build configuration list for PBXProject "ss" */ = {
			isa = XCConfigurationList;
			buildConfigurations = (
				07FD0E06173B0DBB003240DF /* Debug */,
				07FD0E07173B0DBB003240DF /* Release */,
			);
			defaultConfigurationIsVisible = 0;
			defaultConfigurationName = Release;
		};
		07FD0E08173B0DBB003240DF /* Build configuration list for PBXNativeTarget "ss" */ = {
			isa = XCConfigurationList;
			buildConfigurations = (
				07FD0E09173B0DBB003240DF /* Debug */,
				07FD0E0A173B0DBB003240DF /* Release */,
			);
			defaultConfigurationIsVisible = 0;
		};
/* End XCConfigurationList section */
	};
	rootObject = 07FD0DF7173B0DBB003240DF /* Project object */;
}
