// !$*UTF8*$!
{
	archiveVersion = 1;
	classes = {
	};
	objectVersion = 46;
	objects = {

/* Begin PBXBuildFile section */
		07829F1116ED6E69003AEAA6 /* main.c in Sources */ = {isa = PBXBuildFile; fileRef = 07829F1016ED6E69003AEAA6 /* main.c */; };
		07829F1316ED6E69003AEAA6 /* www.1 in CopyFiles */ = {isa = PBXBuildFile; fileRef = 07829F1216ED6E69003AEAA6 /* www.1 */; };
/* End PBXBuildFile section */

/* Begin PBXCopyFilesBuildPhase section */
		07829F0B16ED6E69003AEAA6 /* CopyFiles */ = {
			isa = PBXCopyFilesBuildPhase;
			buildActionMask = 2147483647;
			dstPath = /usr/share/man/man1/;
			dstSubfolderSpec = 0;
			files = (
				07829F1316ED6E69003AEAA6 /* www.1 in CopyFiles */,
			);
			runOnlyForDeploymentPostprocessing = 1;
		};
/* End PBXCopyFilesBuildPhase section */

/* Begin PBXFileReference section */
		07829F0D16ED6E69003AEAA6 /* www */ = {isa = PBXFileReference; explicitFileType = "compiled.mach-o.executable"; includeInIndex = 0; path = www; sourceTree = BUILT_PRODUCTS_DIR; };
		07829F1016ED6E69003AEAA6 /* main.c */ = {isa = PBXFileReference; lastKnownFileType = sourcecode.c.c; path = main.c; sourceTree = "<group>"; };
		07829F1216ED6E69003AEAA6 /* www.1 */ = {isa = PBXFileReference; lastKnownFileType = text.man; path = www.1; sourceTree = "<group>"; };
/* End PBXFileReference section */

/* Begin PBXFrameworksBuildPhase section */
		07829F0A16ED6E69003AEAA6 /* Frameworks */ = {
			isa = PBXFrameworksBuildPhase;
			buildActionMask = 2147483647;
			files = (
			);
			runOnlyForDeploymentPostprocessing = 0;
		};
/* End PBXFrameworksBuildPhase section */

/* Begin PBXGroup section */
		07829F0416ED6E69003AEAA6 = {
			isa = PBXGroup;
			children = (
				07829F0F16ED6E69003AEAA6 /* www */,
				07829F0E16ED6E69003AEAA6 /* Products */,
			);
			sourceTree = "<group>";
		};
		07829F0E16ED6E69003AEAA6 /* Products */ = {
			isa = PBXGroup;
			children = (
				07829F0D16ED6E69003AEAA6 /* www */,
			);
			name = Products;
			sourceTree = "<group>";
		};
		07829F0F16ED6E69003AEAA6 /* www */ = {
			isa = PBXGroup;
			children = (
				07829F1016ED6E69003AEAA6 /* main.c */,
				07829F1216ED6E69003AEAA6 /* www.1 */,
			);
			path = www;
			sourceTree = "<group>";
		};
/* End PBXGroup section */

/* Begin PBXNativeTarget section */
		07829F0C16ED6E69003AEAA6 /* www */ = {
			isa = PBXNativeTarget;
			buildConfigurationList = 07829F1616ED6E69003AEAA6 /* Build configuration list for PBXNativeTarget "www" */;
			buildPhases = (
				07829F0916ED6E69003AEAA6 /* Sources */,
				07829F0A16ED6E69003AEAA6 /* Frameworks */,
				07829F0B16ED6E69003AEAA6 /* CopyFiles */,
			);
			buildRules = (
			);
			dependencies = (
			);
			name = www;
			productName = www;
			productReference = 07829F0D16ED6E69003AEAA6 /* www */;
			productType = "com.apple.product-type.tool";
		};
/* End PBXNativeTarget section */

/* Begin PBXProject section */
		07829F0516ED6E69003AEAA6 /* Project object */ = {
			isa = PBXProject;
			attributes = {
				LastUpgradeCheck = 0460;
				ORGANIZATIONNAME = "Carlos Agudo";
			};
			buildConfigurationList = 07829F0816ED6E69003AEAA6 /* Build configuration list for PBXProject "www" */;
			compatibilityVersion = "Xcode 3.2";
			developmentRegion = English;
			hasScannedForEncodings = 0;
			knownRegions = (
				en,
			);
			mainGroup = 07829F0416ED6E69003AEAA6;
			productRefGroup = 07829F0E16ED6E69003AEAA6 /* Products */;
			projectDirPath = "";
			projectRoot = "";
			targets = (
				07829F0C16ED6E69003AEAA6 /* www */,
			);
		};
/* End PBXProject section */

/* Begin PBXSourcesBuildPhase section */
		07829F0916ED6E69003AEAA6 /* Sources */ = {
			isa = PBXSourcesBuildPhase;
			buildActionMask = 2147483647;
			files = (
				07829F1116ED6E69003AEAA6 /* main.c in Sources */,
			);
			runOnlyForDeploymentPostprocessing = 0;
		};
/* End PBXSourcesBuildPhase section */

/* Begin XCBuildConfiguration section */
		07829F1416ED6E69003AEAA6 /* Debug */ = {
			isa = XCBuildConfiguration;
			buildSettings = {
				ALWAYS_SEARCH_USER_PATHS = NO;
				ARCHS = "$(ARCHS_STANDARD_64_BIT)";
				CLANG_CXX_LANGUAGE_STANDARD = "gnu++0x";
				CLANG_CXX_LIBRARY = "libc++";
				CLANG_WARN_CONSTANT_CONVERSION = YES;
				CLANG_WARN_EMPTY_BODY = YES;
				CLANG_WARN_ENUM_CONVERSION = YES;
				CLANG_WARN_INT_CONVERSION = YES;
				CLANG_WARN__DUPLICATE_METHOD_MATCH = YES;
				COPY_PHASE_STRIP = NO;
				GCC_C_LANGUAGE_STANDARD = gnu99;
				GCC_DYNAMIC_NO_PIC = NO;
				GCC_ENABLE_OBJC_EXCEPTIONS = YES;
				GCC_OPTIMIZATION_LEVEL = 0;
				GCC_PREPROCESSOR_DEFINITIONS = (
					"DEBUG=1",
					"$(inherited)",
				);
				GCC_SYMBOLS_PRIVATE_EXTERN = NO;
				GCC_WARN_64_TO_32_BIT_CONVERSION = YES;
				GCC_WARN_ABOUT_RETURN_TYPE = YES;
				GCC_WARN_UNINITIALIZED_AUTOS = YES;
				GCC_WARN_UNUSED_VARIABLE = YES;
				MACOSX_DEPLOYMENT_TARGET = 10.8;
				ONLY_ACTIVE_ARCH = YES;
				SDKROOT = macosx;
			};
			name = Debug;
		};
		07829F1516ED6E69003AEAA6 /* Release */ = {
			isa = XCBuildConfiguration;
			buildSettings = {
				ALWAYS_SEARCH_USER_PATHS = NO;
				ARCHS = "$(ARCHS_STANDARD_64_BIT)";
				CLANG_CXX_LANGUAGE_STANDARD = "gnu++0x";
				CLANG_CXX_LIBRARY = "libc++";
				CLANG_WARN_CONSTANT_CONVERSION = YES;
				CLANG_WARN_EMPTY_BODY = YES;
				CLANG_WARN_ENUM_CONVERSION = YES;
				CLANG_WARN_INT_CONVERSION = YES;
				CLANG_WARN__DUPLICATE_METHOD_MATCH = YES;
				COPY_PHASE_STRIP = YES;
				DEBUG_INFORMATION_FORMAT = "dwarf-with-dsym";
				GCC_C_LANGUAGE_STANDARD = gnu99;
				GCC_ENABLE_OBJC_EXCEPTIONS = YES;
				GCC_WARN_64_TO_32_BIT_CONVERSION = YES;
				GCC_WARN_ABOUT_RETURN_TYPE = YES;
				GCC_WARN_UNINITIALIZED_AUTOS = YES;
				GCC_WARN_UNUSED_VARIABLE = YES;
				MACOSX_DEPLOYMENT_TARGET = 10.8;
				SDKROOT = macosx;
			};
			name = Release;
		};
		07829F1716ED6E69003AEAA6 /* Debug */ = {
			isa = XCBuildConfiguration;
			buildSettings = {
				PRODUCT_NAME = "$(TARGET_NAME)";
			};
			name = Debug;
		};
		07829F1816ED6E69003AEAA6 /* Release */ = {
			isa = XCBuildConfiguration;
			buildSettings = {
				PRODUCT_NAME = "$(TARGET_NAME)";
			};
			name = Release;
		};
/* End XCBuildConfiguration section */

/* Begin XCConfigurationList section */
		07829F0816ED6E69003AEAA6 /* Build configuration list for PBXProject "www" */ = {
			isa = XCConfigurationList;
			buildConfigurations = (
				07829F1416ED6E69003AEAA6 /* Debug */,
				07829F1516ED6E69003AEAA6 /* Release */,
			);
			defaultConfigurationIsVisible = 0;
			defaultConfigurationName = Release;
		};
		07829F1616ED6E69003AEAA6 /* Build configuration list for PBXNativeTarget "www" */ = {
			isa = XCConfigurationList;
			buildConfigurations = (
				07829F1716ED6E69003AEAA6 /* Debug */,
				07829F1816ED6E69003AEAA6 /* Release */,
			);
			defaultConfigurationIsVisible = 0;
		};
/* End XCConfigurationList section */
	};
	rootObject = 07829F0516ED6E69003AEAA6 /* Project object */;
}
