// !$*UTF8*$!
{
	archiveVersion = 1;
	classes = {
	};
	objectVersion = 46;
	objects = {

/* Begin PBXBuildFile section */
		07DCFEBE16DD6B8900D31EC4 /* main.c in Sources */ = {isa = PBXBuildFile; fileRef = 07DCFEBD16DD6B8900D31EC4 /* main.c */; };
		07DCFEC016DD6B8900D31EC4 /* h.1 in CopyFiles */ = {isa = PBXBuildFile; fileRef = 07DCFEBF16DD6B8900D31EC4 /* h.1 */; };
/* End PBXBuildFile section */

/* Begin PBXCopyFilesBuildPhase section */
		07DCFEB816DD6B8900D31EC4 /* CopyFiles */ = {
			isa = PBXCopyFilesBuildPhase;
			buildActionMask = 2147483647;
			dstPath = /usr/share/man/man1/;
			dstSubfolderSpec = 0;
			files = (
				07DCFEC016DD6B8900D31EC4 /* h.1 in CopyFiles */,
			);
			runOnlyForDeploymentPostprocessing = 1;
		};
/* End PBXCopyFilesBuildPhase section */

/* Begin PBXFileReference section */
		07DCFEBA16DD6B8900D31EC4 /* h */ = {isa = PBXFileReference; explicitFileType = "compiled.mach-o.executable"; includeInIndex = 0; path = h; sourceTree = BUILT_PRODUCTS_DIR; };
		07DCFEBD16DD6B8900D31EC4 /* main.c */ = {isa = PBXFileReference; lastKnownFileType = sourcecode.c.c; path = main.c; sourceTree = "<group>"; };
		07DCFEBF16DD6B8900D31EC4 /* h.1 */ = {isa = PBXFileReference; lastKnownFileType = text.man; path = h.1; sourceTree = "<group>"; };
/* End PBXFileReference section */

/* Begin PBXFrameworksBuildPhase section */
		07DCFEB716DD6B8900D31EC4 /* Frameworks */ = {
			isa = PBXFrameworksBuildPhase;
			buildActionMask = 2147483647;
			files = (
			);
			runOnlyForDeploymentPostprocessing = 0;
		};
/* End PBXFrameworksBuildPhase section */

/* Begin PBXGroup section */
		07DCFEB116DD6B8900D31EC4 = {
			isa = PBXGroup;
			children = (
				07DCFEBC16DD6B8900D31EC4 /* h */,
				07DCFEBB16DD6B8900D31EC4 /* Products */,
			);
			sourceTree = "<group>";
		};
		07DCFEBB16DD6B8900D31EC4 /* Products */ = {
			isa = PBXGroup;
			children = (
				07DCFEBA16DD6B8900D31EC4 /* h */,
			);
			name = Products;
			sourceTree = "<group>";
		};
		07DCFEBC16DD6B8900D31EC4 /* h */ = {
			isa = PBXGroup;
			children = (
				07DCFEBD16DD6B8900D31EC4 /* main.c */,
				07DCFEBF16DD6B8900D31EC4 /* h.1 */,
			);
			path = h;
			sourceTree = "<group>";
		};
/* End PBXGroup section */

/* Begin PBXNativeTarget section */
		07DCFEB916DD6B8900D31EC4 /* h */ = {
			isa = PBXNativeTarget;
			buildConfigurationList = 07DCFEC316DD6B8900D31EC4 /* Build configuration list for PBXNativeTarget "h" */;
			buildPhases = (
				07DCFEB616DD6B8900D31EC4 /* Sources */,
				07DCFEB716DD6B8900D31EC4 /* Frameworks */,
				07DCFEB816DD6B8900D31EC4 /* CopyFiles */,
			);
			buildRules = (
			);
			dependencies = (
			);
			name = h;
			productName = h;
			productReference = 07DCFEBA16DD6B8900D31EC4 /* h */;
			productType = "com.apple.product-type.tool";
		};
/* End PBXNativeTarget section */

/* Begin PBXProject section */
		07DCFEB216DD6B8900D31EC4 /* Project object */ = {
			isa = PBXProject;
			attributes = {
				LastUpgradeCheck = 0460;
				ORGANIZATIONNAME = "Carlos Agudo";
			};
			buildConfigurationList = 07DCFEB516DD6B8900D31EC4 /* Build configuration list for PBXProject "h" */;
			compatibilityVersion = "Xcode 3.2";
			developmentRegion = English;
			hasScannedForEncodings = 0;
			knownRegions = (
				en,
			);
			mainGroup = 07DCFEB116DD6B8900D31EC4;
			productRefGroup = 07DCFEBB16DD6B8900D31EC4 /* Products */;
			projectDirPath = "";
			projectRoot = "";
			targets = (
				07DCFEB916DD6B8900D31EC4 /* h */,
			);
		};
/* End PBXProject section */

/* Begin PBXSourcesBuildPhase section */
		07DCFEB616DD6B8900D31EC4 /* Sources */ = {
			isa = PBXSourcesBuildPhase;
			buildActionMask = 2147483647;
			files = (
				07DCFEBE16DD6B8900D31EC4 /* main.c in Sources */,
			);
			runOnlyForDeploymentPostprocessing = 0;
		};
/* End PBXSourcesBuildPhase section */

/* Begin XCBuildConfiguration section */
		07DCFEC116DD6B8900D31EC4 /* Debug */ = {
			isa = XCBuildConfiguration;
			buildSettings = {
				ALWAYS_SEARCH_USER_PATHS = NO;
				ARCHS = "$(ARCHS_STANDARD_64_BIT)";
				CLANG_CXX_LANGUAGE_STANDARD = "gnu++0x";
				CLANG_CXX_LIBRARY = "libc++";
				CLANG_WARN_CONSTANT_CONVERSION = YES;
				CLANG_WARN_EMPTY_BODY = YES;
				CLANG_WARN_ENUM_CONVERSION = YES;
				CLANG_WARN_INT_CONVERSION = YES;
				CLANG_WARN__DUPLICATE_METHOD_MATCH = YES;
				COPY_PHASE_STRIP = NO;
				GCC_C_LANGUAGE_STANDARD = gnu99;
				GCC_DYNAMIC_NO_PIC = NO;
				GCC_ENABLE_OBJC_EXCEPTIONS = YES;
				GCC_OPTIMIZATION_LEVEL = 0;
				GCC_PREPROCESSOR_DEFINITIONS = (
					"DEBUG=1",
					"$(inherited)",
				);
				GCC_SYMBOLS_PRIVATE_EXTERN = NO;
				GCC_WARN_64_TO_32_BIT_CONVERSION = YES;
				GCC_WARN_ABOUT_RETURN_TYPE = YES;
				GCC_WARN_UNINITIALIZED_AUTOS = YES;
				GCC_WARN_UNUSED_VARIABLE = YES;
				MACOSX_DEPLOYMENT_TARGET = 10.8;
				ONLY_ACTIVE_ARCH = YES;
				SDKROOT = macosx;
			};
			name = Debug;
		};
		07DCFEC216DD6B8900D31EC4 /* Release */ = {
			isa = XCBuildConfiguration;
			buildSettings = {
				ALWAYS_SEARCH_USER_PATHS = NO;
				ARCHS = "$(ARCHS_STANDARD_64_BIT)";
				CLANG_CXX_LANGUAGE_STANDARD = "gnu++0x";
				CLANG_CXX_LIBRARY = "libc++";
				CLANG_WARN_CONSTANT_CONVERSION = YES;
				CLANG_WARN_EMPTY_BODY = YES;
				CLANG_WARN_ENUM_CONVERSION = YES;
				CLANG_WARN_INT_CONVERSION = YES;
				CLANG_WARN__DUPLICATE_METHOD_MATCH = YES;
				COPY_PHASE_STRIP = YES;
				DEBUG_INFORMATION_FORMAT = "dwarf-with-dsym";
				GCC_C_LANGUAGE_STANDARD = gnu99;
				GCC_ENABLE_OBJC_EXCEPTIONS = YES;
				GCC_WARN_64_TO_32_BIT_CONVERSION = YES;
				GCC_WARN_ABOUT_RETURN_TYPE = YES;
				GCC_WARN_UNINITIALIZED_AUTOS = YES;
				GCC_WARN_UNUSED_VARIABLE = YES;
				MACOSX_DEPLOYMENT_TARGET = 10.8;
				SDKROOT = macosx;
			};
			name = Release;
		};
		07DCFEC416DD6B8900D31EC4 /* Debug */ = {
			isa = XCBuildConfiguration;
			buildSettings = {
				PRODUCT_NAME = "$(TARGET_NAME)";
			};
			name = Debug;
		};
		07DCFEC516DD6B8900D31EC4 /* Release */ = {
			isa = XCBuildConfiguration;
			buildSettings = {
				PRODUCT_NAME = "$(TARGET_NAME)";
			};
			name = Release;
		};
/* End XCBuildConfiguration section */

/* Begin XCConfigurationList section */
		07DCFEB516DD6B8900D31EC4 /* Build configuration list for PBXProject "h" */ = {
			isa = XCConfigurationList;
			buildConfigurations = (
				07DCFEC116DD6B8900D31EC4 /* Debug */,
				07DCFEC216DD6B8900D31EC4 /* Release */,
			);
			defaultConfigurationIsVisible = 0;
			defaultConfigurationName = Release;
		};
		07DCFEC316DD6B8900D31EC4 /* Build configuration list for PBXNativeTarget "h" */ = {
			isa = XCConfigurationList;
			buildConfigurations = (
				07DCFEC416DD6B8900D31EC4 /* Debug */,
				07DCFEC516DD6B8900D31EC4 /* Release */,
			);
			defaultConfigurationIsVisible = 0;
		};
/* End XCConfigurationList section */
	};
	rootObject = 07DCFEB216DD6B8900D31EC4 /* Project object */;
}
